// !$*UTF8*$!
{
	archiveVersion = 1;
	classes = {
	};
	objectVersion = 56;
	objects = {

/* Begin PBXBuildFile section */
		EC2A4F1729CA272C00F0A013 /* AImageApp.swift in Sources */ = {isa = PBXBuildFile; fileRef = EC2A4F1629CA272C00F0A013 /* AImageApp.swift */; };
		EC2A4F1929CA272C00F0A013 /* ContentView.swift in Sources */ = {isa = PBXBuildFile; fileRef = EC2A4F1829CA272C00F0A013 /* ContentView.swift */; };
		EC2A4F1B29CA272D00F0A013 /* Assets.xcassets in Resources */ = {isa = PBXBuildFile; fileRef = EC2A4F1A29CA272D00F0A013 /* Assets.xcassets */; };
		EC2A4F1E29CA272D00F0A013 /* Preview Assets.xcassets in Resources */ = {isa = PBXBuildFile; fileRef = EC2A4F1D29CA272D00F0A013 /* Preview Assets.xcassets */; };
		EC2A4F2829CA272D00F0A013 /* AImageTests.swift in Sources */ = {isa = PBXBuildFile; fileRef = EC2A4F2729CA272D00F0A013 /* AImageTests.swift */; };
		EC2A4F3229CA272D00F0A013 /* AImageUITests.swift in Sources */ = {isa = PBXBuildFile; fileRef = EC2A4F3129CA272D00F0A013 /* AImageUITests.swift */; };
		EC2A4F3429CA272D00F0A013 /* AImageUITestsLaunchTests.swift in Sources */ = {isa = PBXBuildFile; fileRef = EC2A4F3329CA272D00F0A013 /* AImageUITestsLaunchTests.swift */; };
		EC2A4F4229CA276700F0A013 /* OpenAIKit in Frameworks */ = {isa = PBXBuildFile; productRef = EC2A4F4129CA276700F0A013 /* OpenAIKit */; };
/* End PBXBuildFile section */

/* Begin PBXContainerItemProxy section */
		EC2A4F2429CA272D00F0A013 /* PBXContainerItemProxy */ = {
			isa = PBXContainerItemProxy;
			containerPortal = EC2A4F0B29CA272C00F0A013 /* Project object */;
			proxyType = 1;
			remoteGlobalIDString = EC2A4F1229CA272C00F0A013;
			remoteInfo = AImage;
		};
		EC2A4F2E29CA272D00F0A013 /* PBXContainerItemProxy */ = {
			isa = PBXContainerItemProxy;
			containerPortal = EC2A4F0B29CA272C00F0A013 /* Project object */;
			proxyType = 1;
			remoteGlobalIDString = EC2A4F1229CA272C00F0A013;
			remoteInfo = AImage;
		};
/* End PBXContainerItemProxy section */

/* Begin PBXFileReference section */
		EC2A4F1329CA272C00F0A013 /* AImage.app */ = {isa = PBXFileReference; explicitFileType = wrapper.application; includeInIndex = 0; path = AImage.app; sourceTree = BUILT_PRODUCTS_DIR; };
		EC2A4F1629CA272C00F0A013 /* AImageApp.swift */ = {isa = PBXFileReference; lastKnownFileType = sourcecode.swift; path = AImageApp.swift; sourceTree = "<group>"; };
		EC2A4F1829CA272C00F0A013 /* ContentView.swift */ = {isa = PBXFileReference; lastKnownFileType = sourcecode.swift; path = ContentView.swift; sourceTree = "<group>"; };
		EC2A4F1A29CA272D00F0A013 /* Assets.xcassets */ = {isa = PBXFileReference; lastKnownFileType = folder.assetcatalog; path = Assets.xcassets; sourceTree = "<group>"; };
		EC2A4F1D29CA272D00F0A013 /* Preview Assets.xcassets */ = {isa = PBXFileReference; lastKnownFileType = folder.assetcatalog; path = "Preview Assets.xcassets"; sourceTree = "<group>"; };
		EC2A4F2329CA272D00F0A013 /* AImageTests.xctest */ = {isa = PBXFileReference; explicitFileType = wrapper.cfbundle; includeInIndex = 0; path = AImageTests.xctest; sourceTree = BUILT_PRODUCTS_DIR; };
		EC2A4F2729CA272D00F0A013 /* AImageTests.swift */ = {isa = PBXFileReference; lastKnownFileType = sourcecode.swift; path = AImageTests.swift; sourceTree = "<group>"; };
		EC2A4F2D29CA272D00F0A013 /* AImageUITests.xctest */ = {isa = PBXFileReference; explicitFileType = wrapper.cfbundle; includeInIndex = 0; path = AImageUITests.xctest; sourceTree = BUILT_PRODUCTS_DIR; };
		EC2A4F3129CA272D00F0A013 /* AImageUITests.swift */ = {isa = PBXFileReference; lastKnownFileType = sourcecode.swift; path = AImageUITests.swift; sourceTree = "<group>"; };
		EC2A4F3329CA272D00F0A013 /* AImageUITestsLaunchTests.swift */ = {isa = PBXFileReference; lastKnownFileType = sourcecode.swift; path = AImageUITestsLaunchTests.swift; sourceTree = "<group>"; };
/* End PBXFileReference section */

/* Begin PBXFrameworksBuildPhase section */
		EC2A4F1029CA272C00F0A013 /* Frameworks */ = {
			isa = PBXFrameworksBuildPhase;
			buildActionMask = 2147483647;
			files = (
				EC2A4F4229CA276700F0A013 /* OpenAIKit in Frameworks */,
			);
			runOnlyForDeploymentPostprocessing = 0;
		};
		EC2A4F2029CA272D00F0A013 /* Frameworks */ = {
			isa = PBXFrameworksBuildPhase;
			buildActionMask = 2147483647;
			files = (
			);
			runOnlyForDeploymentPostprocessing = 0;
		};
		EC2A4F2A29CA272D00F0A013 /* Frameworks */ = {
			isa = PBXFrameworksBuildPhase;
			buildActionMask = 2147483647;
			files = (
			);
			runOnlyForDeploymentPostprocessing = 0;
		};
/* End PBXFrameworksBuildPhase section */

/* Begin PBXGroup section */
		EC2A4F0A29CA272C00F0A013 = {
			isa = PBXGroup;
			children = (
				EC2A4F1529CA272C00F0A013 /* AImage */,
				EC2A4F2629CA272D00F0A013 /* AImageTests */,
				EC2A4F3029CA272D00F0A013 /* AImageUITests */,
				EC2A4F1429CA272C00F0A013 /* Products */,
			);
			sourceTree = "<group>";
		};
		EC2A4F1429CA272C00F0A013 /* Products */ = {
			isa = PBXGroup;
			children = (
				EC2A4F1329CA272C00F0A013 /* AImage.app */,
				EC2A4F2329CA272D00F0A013 /* AImageTests.xctest */,
				EC2A4F2D29CA272D00F0A013 /* AImageUITests.xctest */,
			);
			name = Products;
			sourceTree = "<group>";
		};
		EC2A4F1529CA272C00F0A013 /* AImage */ = {
			isa = PBXGroup;
			children = (
				EC2A4F1629CA272C00F0A013 /* AImageApp.swift */,
				EC2A4F1829CA272C00F0A013 /* ContentView.swift */,
				EC2A4F1A29CA272D00F0A013 /* Assets.xcassets */,
				EC2A4F1C29CA272D00F0A013 /* Preview Content */,
			);
			path = AImage;
			sourceTree = "<group>";
		};
		EC2A4F1C29CA272D00F0A013 /* Preview Content */ = {
			isa = PBXGroup;
			children = (
				EC2A4F1D29CA272D00F0A013 /* Preview Assets.xcassets */,
			);
			path = "Preview Content";
			sourceTree = "<group>";
		};
		EC2A4F2629CA272D00F0A013 /* AImageTests */ = {
			isa = PBXGroup;
			children = (
				EC2A4F2729CA272D00F0A013 /* AImageTests.swift */,
			);
			path = AImageTests;
			sourceTree = "<group>";
		};
		EC2A4F3029CA272D00F0A013 /* AImageUITests */ = {
			isa = PBXGroup;
			children = (
				EC2A4F3129CA272D00F0A013 /* AImageUITests.swift */,
				EC2A4F3329CA272D00F0A013 /* AImageUITestsLaunchTests.swift */,
			);
			path = AImageUITests;
			sourceTree = "<group>";
		};
/* End PBXGroup section */

/* Begin PBXNativeTarget section */
		EC2A4F1229CA272C00F0A013 /* AImage */ = {
			isa = PBXNativeTarget;
			buildConfigurationList = EC2A4F3729CA272D00F0A013 /* Build configuration list for PBXNativeTarget "AImage" */;
			buildPhases = (
				EC2A4F0F29CA272C00F0A013 /* Sources */,
				EC2A4F1029CA272C00F0A013 /* Frameworks */,
				EC2A4F1129CA272C00F0A013 /* Resources */,
			);
			buildRules = (
			);
			dependencies = (
			);
			name = AImage;
			packageProductDependencies = (
				EC2A4F4129CA276700F0A013 /* OpenAIKit */,
			);
			productName = AImage;
			productReference = EC2A4F1329CA272C00F0A013 /* AImage.app */;
			productType = "com.apple.product-type.application";
		};
		EC2A4F2229CA272D00F0A013 /* AImageTests */ = {
			isa = PBXNativeTarget;
			buildConfigurationList = EC2A4F3A29CA272D00F0A013 /* Build configuration list for PBXNativeTarget "AImageTests" */;
			buildPhases = (
				EC2A4F1F29CA272D00F0A013 /* Sources */,
				EC2A4F2029CA272D00F0A013 /* Frameworks */,
				EC2A4F2129CA272D00F0A013 /* Resources */,
			);
			buildRules = (
			);
			dependencies = (
				EC2A4F2529CA272D00F0A013 /* PBXTargetDependency */,
			);
			name = AImageTests;
			productName = AImageTests;
			productReference = EC2A4F2329CA272D00F0A013 /* AImageTests.xctest */;
			productType = "com.apple.product-type.bundle.unit-test";
		};
		EC2A4F2C29CA272D00F0A013 /* AImageUITests */ = {
			isa = PBXNativeTarget;
			buildConfigurationList = EC2A4F3D29CA272D00F0A013 /* Build configuration list for PBXNativeTarget "AImageUITests" */;
			buildPhases = (
				EC2A4F2929CA272D00F0A013 /* Sources */,
				EC2A4F2A29CA272D00F0A013 /* Frameworks */,
				EC2A4F2B29CA272D00F0A013 /* Resources */,
			);
			buildRules = (
			);
			dependencies = (
				EC2A4F2F29CA272D00F0A013 /* PBXTargetDependency */,
			);
			name = AImageUITests;
			productName = AImageUITests;
			productReference = EC2A4F2D29CA272D00F0A013 /* AImageUITests.xctest */;
			productType = "com.apple.product-type.bundle.ui-testing";
		};
/* End PBXNativeTarget section */

/* Begin PBXProject section */
		EC2A4F0B29CA272C00F0A013 /* Project object */ = {
			isa = PBXProject;
			attributes = {
				BuildIndependentTargetsInParallel = 1;
				LastSwiftUpdateCheck = 1420;
				LastUpgradeCheck = 1420;
				TargetAttributes = {
					EC2A4F1229CA272C00F0A013 = {
						CreatedOnToolsVersion = 14.2;
					};
					EC2A4F2229CA272D00F0A013 = {
						CreatedOnToolsVersion = 14.2;
						TestTargetID = EC2A4F1229CA272C00F0A013;
					};
					EC2A4F2C29CA272D00F0A013 = {
						CreatedOnToolsVersion = 14.2;
						TestTargetID = EC2A4F1229CA272C00F0A013;
					};
				};
			};
			buildConfigurationList = EC2A4F0E29CA272C00F0A013 /* Build configuration list for PBXProject "AImage" */;
			compatibilityVersion = "Xcode 14.0";
			developmentRegion = en;
			hasScannedForEncodings = 0;
			knownRegions = (
				en,
				Base,
			);
			mainGroup = EC2A4F0A29CA272C00F0A013;
			packageReferences = (
				EC2A4F4029CA276700F0A013 /* XCRemoteSwiftPackageReference "OpenAIKit" */,
			);
			productRefGroup = EC2A4F1429CA272C00F0A013 /* Products */;
			projectDirPath = "";
			projectRoot = "";
			targets = (
				EC2A4F1229CA272C00F0A013 /* AImage */,
				EC2A4F2229CA272D00F0A013 /* AImageTests */,
				EC2A4F2C29CA272D00F0A013 /* AImageUITests */,
			);
		};
/* End PBXProject section */

/* Begin PBXResourcesBuildPhase section */
		EC2A4F1129CA272C00F0A013 /* Resources */ = {
			isa = PBXResourcesBuildPhase;
			buildActionMask = 2147483647;
			files = (
				EC2A4F1E29CA272D00F0A013 /* Preview Assets.xcassets in Resources */,
				EC2A4F1B29CA272D00F0A013 /* Assets.xcassets in Resources */,
			);
			runOnlyForDeploymentPostprocessing = 0;
		};
		EC2A4F2129CA272D00F0A013 /* Resources */ = {
			isa = PBXResourcesBuildPhase;
			buildActionMask = 2147483647;
			files = (
			);
			runOnlyForDeploymentPostprocessing = 0;
		};
		EC2A4F2B29CA272D00F0A013 /* Resources */ = {
			isa = PBXResourcesBuildPhase;
			buildActionMask = 2147483647;
			files = (
			);
			runOnlyForDeploymentPostprocessing = 0;
		};
/* End PBXResourcesBuildPhase section */

/* Begin PBXSourcesBuildPhase section */
		EC2A4F0F29CA272C00F0A013 /* Sources */ = {
			isa = PBXSourcesBuildPhase;
			buildActionMask = 2147483647;
			files = (
				EC2A4F1929CA272C00F0A013 /* ContentView.swift in Sources */,
				EC2A4F1729CA272C00F0A013 /* AImageApp.swift in Sources */,
			);
			runOnlyForDeploymentPostprocessing = 0;
		};
		EC2A4F1F29CA272D00F0A013 /* Sources */ = {
			isa = PBXSourcesBuildPhase;
			buildActionMask = 2147483647;
			files = (
				EC2A4F2829CA272D00F0A013 /* AImageTests.swift in Sources */,
			);
			runOnlyForDeploymentPostprocessing = 0;
		};
		EC2A4F2929CA272D00F0A013 /* Sources */ = {
			isa = PBXSourcesBuildPhase;
			buildActionMask = 2147483647;
			files = (
				EC2A4F3429CA272D00F0A013 /* AImageUITestsLaunchTests.swift in Sources */,
				EC2A4F3229CA272D00F0A013 /* AImageUITests.swift in Sources */,
			);
			runOnlyForDeploymentPostprocessing = 0;
		};
/* End PBXSourcesBuildPhase section */

/* Begin PBXTargetDependency section */
		EC2A4F2529CA272D00F0A013 /* PBXTargetDependency */ = {
			isa = PBXTargetDependency;
			target = EC2A4F1229CA272C00F0A013 /* AImage */;
			targetProxy = EC2A4F2429CA272D00F0A013 /* PBXContainerItemProxy */;
		};
		EC2A4F2F29CA272D00F0A013 /* PBXTargetDependency */ = {
			isa = PBXTargetDependency;
			target = EC2A4F1229CA272C00F0A013 /* AImage */;
			targetProxy = EC2A4F2E29CA272D00F0A013 /* PBXContainerItemProxy */;
		};
/* End PBXTargetDependency section */

/* Begin XCBuildConfiguration section */
		EC2A4F3529CA272D00F0A013 /* Debug */ = {
			isa = XCBuildConfiguration;
			buildSettings = {
				ALWAYS_SEARCH_USER_PATHS = NO;
				CLANG_ANALYZER_NONNULL = YES;
				CLANG_ANALYZER_NUMBER_OBJECT_CONVERSION = YES_AGGRESSIVE;
				CLANG_CXX_LANGUAGE_STANDARD = "gnu++20";
				CLANG_ENABLE_MODULES = YES;
				CLANG_ENABLE_OBJC_ARC = YES;
				CLANG_ENABLE_OBJC_WEAK = YES;
				CLANG_WARN_BLOCK_CAPTURE_AUTORELEASING = YES;
				CLANG_WARN_BOOL_CONVERSION = YES;
				CLANG_WARN_COMMA = YES;
				CLANG_WARN_CONSTANT_CONVERSION = YES;
				CLANG_WARN_DEPRECATED_OBJC_IMPLEMENTATIONS = YES;
				CLANG_WARN_DIRECT_OBJC_ISA_USAGE = YES_ERROR;
				CLANG_WARN_DOCUMENTATION_COMMENTS = YES;
				CLANG_WARN_EMPTY_BODY = YES;
				CLANG_WARN_ENUM_CONVERSION = YES;
				CLANG_WARN_INFINITE_RECURSION = YES;
				CLANG_WARN_INT_CONVERSION = YES;
				CLANG_WARN_NON_LITERAL_NULL_CONVERSION = YES;
				CLANG_WARN_OBJC_IMPLICIT_RETAIN_SELF = YES;
				CLANG_WARN_OBJC_LITERAL_CONVERSION = YES;
				CLANG_WARN_OBJC_ROOT_CLASS = YES_ERROR;
				CLANG_WARN_QUOTED_INCLUDE_IN_FRAMEWORK_HEADER = YES;
				CLANG_WARN_RANGE_LOOP_ANALYSIS = YES;
				CLANG_WARN_STRICT_PROTOTYPES = YES;
				CLANG_WARN_SUSPICIOUS_MOVE = YES;
				CLANG_WARN_UNGUARDED_AVAILABILITY = YES_AGGRESSIVE;
				CLANG_WARN_UNREACHABLE_CODE = YES;
				CLANG_WARN__DUPLICATE_METHOD_MATCH = YES;
				COPY_PHASE_STRIP = NO;
				DEBUG_INFORMATION_FORMAT = dwarf;
				ENABLE_STRICT_OBJC_MSGSEND = YES;
				ENABLE_TESTABILITY = YES;
				GCC_C_LANGUAGE_STANDARD = gnu11;
				GCC_DYNAMIC_NO_PIC = NO;
				GCC_NO_COMMON_BLOCKS = YES;
				GCC_OPTIMIZATION_LEVEL = 0;
				GCC_PREPROCESSOR_DEFINITIONS = (
					"DEBUG=1",
					"$(inherited)",
				);
				GCC_WARN_64_TO_32_BIT_CONVERSION = YES;
				GCC_WARN_ABOUT_RETURN_TYPE = YES_ERROR;
				GCC_WARN_UNDECLARED_SELECTOR = YES;
				GCC_WARN_UNINITIALIZED_AUTOS = YES_AGGRESSIVE;
				GCC_WARN_UNUSED_FUNCTION = YES;
				GCC_WARN_UNUSED_VARIABLE = YES;
				IPHONEOS_DEPLOYMENT_TARGET = 16.2;
				MTL_ENABLE_DEBUG_INFO = INCLUDE_SOURCE;
				MTL_FAST_MATH = YES;
				ONLY_ACTIVE_ARCH = YES;
				SDKROOT = iphoneos;
				SWIFT_ACTIVE_COMPILATION_CONDITIONS = DEBUG;
				SWIFT_OPTIMIZATION_LEVEL = "-Onone";
			};
			name = Debug;
		};
		EC2A4F3629CA272D00F0A013 /* Release */ = {
			isa = XCBuildConfiguration;
			buildSettings = {
				ALWAYS_SEARCH_USER_PATHS = NO;
				CLANG_ANALYZER_NONNULL = YES;
				CLANG_ANALYZER_NUMBER_OBJECT_CONVERSION = YES_AGGRESSIVE;
				CLANG_CXX_LANGUAGE_STANDARD = "gnu++20";
				CLANG_ENABLE_MODULES = YES;
				CLANG_ENABLE_OBJC_ARC = YES;
				CLANG_ENABLE_OBJC_WEAK = YES;
				CLANG_WARN_BLOCK_CAPTURE_AUTORELEASING = YES;
				CLANG_WARN_BOOL_CONVERSION = YES;
				CLANG_WARN_COMMA = YES;
				CLANG_WARN_CONSTANT_CONVERSION = YES;
				CLANG_WARN_DEPRECATED_OBJC_IMPLEMENTATIONS = YES;
				CLANG_WARN_DIRECT_OBJC_ISA_USAGE = YES_ERROR;
				CLANG_WARN_DOCUMENTATION_COMMENTS = YES;
				CLANG_WARN_EMPTY_BODY = YES;
				CLANG_WARN_ENUM_CONVERSION = YES;
				CLANG_WARN_INFINITE_RECURSION = YES;
				CLANG_WARN_INT_CONVERSION = YES;
				CLANG_WARN_NON_LITERAL_NULL_CONVERSION = YES;
				CLANG_WARN_OBJC_IMPLICIT_RETAIN_SELF = YES;
				CLANG_WARN_OBJC_LITERAL_CONVERSION = YES;
				CLANG_WARN_OBJC_ROOT_CLASS = YES_ERROR;
				CLANG_WARN_QUOTED_INCLUDE_IN_FRAMEWORK_HEADER = YES;
				CLANG_WARN_RANGE_LOOP_ANALYSIS = YES;
				CLANG_WARN_STRICT_PROTOTYPES = YES;
				CLANG_WARN_SUSPICIOUS_MOVE = YES;
				CLANG_WARN_UNGUARDED_AVAILABILITY = YES_AGGRESSIVE;
				CLANG_WARN_UNREACHABLE_CODE = YES;
				CLANG_WARN__DUPLICATE_METHOD_MATCH = YES;
				COPY_PHASE_STRIP = NO;
				DEBUG_INFORMATION_FORMAT = "dwarf-with-dsym";
				ENABLE_NS_ASSERTIONS = NO;
				ENABLE_STRICT_OBJC_MSGSEND = YES;
				GCC_C_LANGUAGE_STANDARD = gnu11;
				GCC_NO_COMMON_BLOCKS = YES;
				GCC_WARN_64_TO_32_BIT_CONVERSION = YES;
				GCC_WARN_ABOUT_RETURN_TYPE = YES_ERROR;
				GCC_WARN_UNDECLARED_SELECTOR = YES;
				GCC_WARN_UNINITIALIZED_AUTOS = YES_AGGRESSIVE;
				GCC_WARN_UNUSED_FUNCTION = YES;
				GCC_WARN_UNUSED_VARIABLE = YES;
				IPHONEOS_DEPLOYMENT_TARGET = 16.2;
				MTL_ENABLE_DEBUG_INFO = NO;
				MTL_FAST_MATH = YES;
				SDKROOT = iphoneos;
				SWIFT_COMPILATION_MODE = wholemodule;
				SWIFT_OPTIMIZATION_LEVEL = "-O";
				VALIDATE_PRODUCT = YES;
			};
			name = Release;
		};
		EC2A4F3829CA272D00F0A013 /* Debug */ = {
			isa = XCBuildConfiguration;
			buildSettings = {
				ASSETCATALOG_COMPILER_APPICON_NAME = AppIcon;
				ASSETCATALOG_COMPILER_GLOBAL_ACCENT_COLOR_NAME = AccentColor;
				CODE_SIGN_STYLE = Automatic;
				CURRENT_PROJECT_VERSION = 1;
				DEVELOPMENT_ASSET_PATHS = "\"AImage/Preview Content\"";
				ENABLE_PREVIEWS = YES;
				GENERATE_INFOPLIST_FILE = YES;
				INFOPLIST_KEY_UIApplicationSceneManifest_Generation = YES;
				INFOPLIST_KEY_UIApplicationSupportsIndirectInputEvents = YES;
				INFOPLIST_KEY_UILaunchScreen_Generation = YES;
				INFOPLIST_KEY_UISupportedInterfaceOrientations_iPad = "UIInterfaceOrientationPortrait UIInterfaceOrientationPortraitUpsideDown UIInterfaceOrientationLandscapeLeft UIInterfaceOrientationLandscapeRight";
				INFOPLIST_KEY_UISupportedInterfaceOrientations_iPhone = "UIInterfaceOrientationPortrait UIInterfaceOrientationLandscapeLeft UIInterfaceOrientationLandscapeRight";
				LD_RUNPATH_SEARCH_PATHS = (
					"$(inherited)",
					"@executable_path/Frameworks",
				);
				MARKETING_VERSION = 1.0;
				PRODUCT_BUNDLE_IDENTIFIER = apple.AImage;
				PRODUCT_NAME = "$(TARGET_NAME)";
				SWIFT_EMIT_LOC_STRINGS = YES;
				SWIFT_VERSION = 5.0;
				TARGETED_DEVICE_FAMILY = "1,2";
			};
			name = Debug;
		};
		EC2A4F3929CA272D00F0A013 /* Release */ = {
			isa = XCBuildConfiguration;
			buildSettings = {
				ASSETCATALOG_COMPILER_APPICON_NAME = AppIcon;
				ASSETCATALOG_COMPILER_GLOBAL_ACCENT_COLOR_NAME = AccentColor;
				CODE_SIGN_STYLE = Automatic;
				CURRENT_PROJECT_VERSION = 1;
				DEVELOPMENT_ASSET_PATHS = "\"AImage/Preview Content\"";
				ENABLE_PREVIEWS = YES;
				GENERATE_INFOPLIST_FILE = YES;
				INFOPLIST_KEY_UIApplicationSceneManifest_Generation = YES;
				INFOPLIST_KEY_UIApplicationSupportsIndirectInputEvents = YES;
				INFOPLIST_KEY_UILaunchScreen_Generation = YES;
				INFOPLIST_KEY_UISupportedInterfaceOrientations_iPad = "UIInterfaceOrientationPortrait UIInterfaceOrientationPortraitUpsideDown UIInterfaceOrientationLandscapeLeft UIInterfaceOrientationLandscapeRight";
				INFOPLIST_KEY_UISupportedInterfaceOrientations_iPhone = "UIInterfaceOrientationPortrait UIInterfaceOrientationLandscapeLeft UIInterfaceOrientationLandscapeRight";
				LD_RUNPATH_SEARCH_PATHS = (
					"$(inherited)",
					"@executable_path/Frameworks",
				);
				MARKETING_VERSION = 1.0;
				PRODUCT_BUNDLE_IDENTIFIER = apple.AImage;
				PRODUCT_NAME = "$(TARGET_NAME)";
				SWIFT_EMIT_LOC_STRINGS = YES;
				SWIFT_VERSION = 5.0;
				TARGETED_DEVICE_FAMILY = "1,2";
			};
			name = Release;
		};
		EC2A4F3B29CA272D00F0A013 /* Debug */ = {
			isa = XCBuildConfiguration;
			buildSettings = {
				ALWAYS_EMBED_SWIFT_STANDARD_LIBRARIES = YES;
				BUNDLE_LOADER = "$(TEST_HOST)";
				CODE_SIGN_STYLE = Automatic;
				CURRENT_PROJECT_VERSION = 1;
				GENERATE_INFOPLIST_FILE = YES;
				IPHONEOS_DEPLOYMENT_TARGET = 16.2;
				MARKETING_VERSION = 1.0;
				PRODUCT_BUNDLE_IDENTIFIER = apple.AImageTests;
				PRODUCT_NAME = "$(TARGET_NAME)";
				SWIFT_EMIT_LOC_STRINGS = NO;
				SWIFT_VERSION = 5.0;
				TARGETED_DEVICE_FAMILY = "1,2";
				TEST_HOST = "$(BUILT_PRODUCTS_DIR)/AImage.app/$(BUNDLE_EXECUTABLE_FOLDER_PATH)/AImage";
			};
			name = Debug;
		};
		EC2A4F3C29CA272D00F0A013 /* Release */ = {
			isa = XCBuildConfiguration;
			buildSettings = {
				ALWAYS_EMBED_SWIFT_STANDARD_LIBRARIES = YES;
				BUNDLE_LOADER = "$(TEST_HOST)";
				CODE_SIGN_STYLE = Automatic;
				CURRENT_PROJECT_VERSION = 1;
				GENERATE_INFOPLIST_FILE = YES;
				IPHONEOS_DEPLOYMENT_TARGET = 16.2;
				MARKETING_VERSION = 1.0;
				PRODUCT_BUNDLE_IDENTIFIER = apple.AImageTests;
				PRODUCT_NAME = "$(TARGET_NAME)";
				SWIFT_EMIT_LOC_STRINGS = NO;
				SWIFT_VERSION = 5.0;
				TARGETED_DEVICE_FAMILY = "1,2";
				TEST_HOST = "$(BUILT_PRODUCTS_DIR)/AImage.app/$(BUNDLE_EXECUTABLE_FOLDER_PATH)/AImage";
			};
			name = Release;
		};
		EC2A4F3E29CA272D00F0A013 /* Debug */ = {
			isa = XCBuildConfiguration;
			buildSettings = {
				ALWAYS_EMBED_SWIFT_STANDARD_LIBRARIES = YES;
				CODE_SIGN_STYLE = Automatic;
				CURRENT_PROJECT_VERSION = 1;
				GENERATE_INFOPLIST_FILE = YES;
				MARKETING_VERSION = 1.0;
				PRODUCT_BUNDLE_IDENTIFIER = apple.AImageUITests;
				PRODUCT_NAME = "$(TARGET_NAME)";
				SWIFT_EMIT_LOC_STRINGS = NO;
				SWIFT_VERSION = 5.0;
				TARGETED_DEVICE_FAMILY = "1,2";
				TEST_TARGET_NAME = AImage;
			};
			name = Debug;
		};
		EC2A4F3F29CA272D00F0A013 /* Release */ = {
			isa = XCBuildConfiguration;
			buildSettings = {
				ALWAYS_EMBED_SWIFT_STANDARD_LIBRARIES = YES;
				CODE_SIGN_STYLE = Automatic;
				CURRENT_PROJECT_VERSION = 1;
				GENERATE_INFOPLIST_FILE = YES;
				MARKETING_VERSION = 1.0;
				PRODUCT_BUNDLE_IDENTIFIER = apple.AImageUITests;
				PRODUCT_NAME = "$(TARGET_NAME)";
				SWIFT_EMIT_LOC_STRINGS = NO;
				SWIFT_VERSION = 5.0;
				TARGETED_DEVICE_FAMILY = "1,2";
				TEST_TARGET_NAME = AImage;
			};
			name = Release;
		};
/* End XCBuildConfiguration section */

/* Begin XCConfigurationList section */
		EC2A4F0E29CA272C00F0A013 /* Build configuration list for PBXProject "AImage" */ = {
			isa = XCConfigurationList;
			buildConfigurations = (
				EC2A4F3529CA272D00F0A013 /* Debug */,
				EC2A4F3629CA272D00F0A013 /* Release */,
			);
			defaultConfigurationIsVisible = 0;
			defaultConfigurationName = Release;
		};
		EC2A4F3729CA272D00F0A013 /* Build configuration list for PBXNativeTarget "AImage" */ = {
			isa = XCConfigurationList;
			buildConfigurations = (
				EC2A4F3829CA272D00F0A013 /* Debug */,
				EC2A4F3929CA272D00F0A013 /* Release */,
			);
			defaultConfigurationIsVisible = 0;
			defaultConfigurationName = Release;
		};
		EC2A4F3A29CA272D00F0A013 /* Build configuration list for PBXNativeTarget "AImageTests" */ = {
			isa = XCConfigurationList;
			buildConfigurations = (
				EC2A4F3B29CA272D00F0A013 /* Debug */,
				EC2A4F3C29CA272D00F0A013 /* Release */,
			);
			defaultConfigurationIsVisible = 0;
			defaultConfigurationName = Release;
		};
		EC2A4F3D29CA272D00F0A013 /* Build configuration list for PBXNativeTarget "AImageUITests" */ = {
			isa = XCConfigurationList;
			buildConfigurations = (
				EC2A4F3E29CA272D00F0A013 /* Debug */,
				EC2A4F3F29CA272D00F0A013 /* Release */,
			);
			defaultConfigurationIsVisible = 0;
			defaultConfigurationName = Release;
		};
/* End XCConfigurationList section */

/* Begin XCRemoteSwiftPackageReference section */
		EC2A4F4029CA276700F0A013 /* XCRemoteSwiftPackageReference "OpenAIKit" */ = {
			isa = XCRemoteSwiftPackageReference;
			repositoryURL = "https://github.com/MarcoDotIO/OpenAIKit";
			requirement = {
				kind = upToNextMajorVersion;
				minimumVersion = 1.0.0;
			};
		};
/* End XCRemoteSwiftPackageReference section */

/* Begin XCSwiftPackageProductDependency section */
		EC2A4F4129CA276700F0A013 /* OpenAIKit */ = {
			isa = XCSwiftPackageProductDependency;
			package = EC2A4F4029CA276700F0A013 /* XCRemoteSwiftPackageReference "OpenAIKit" */;
			productName = OpenAIKit;
		};
/* End XCSwiftPackageProductDependency section */
	};
	rootObject = EC2A4F0B29CA272C00F0A013 /* Project object */;
}
